{
  "name": "react-dnd-stamp-pdf",
  "version": "1.0.0",
  "lockfileVersion": 3,
  "requires": true,
  "packages": {
    "": {
      "name": "react-dnd-stamp-pdf",
      "version": "1.0.0",
      "license": "MIT",
      "devDependencies": {
        "@react-pdf/types": "^2.9.0",
        "@types/react": "^19.1.4",
        "@types/react-dom": "^19.1.5",
        "@types/react-pdf": "^7.0.0",
        "typescript": "^5.8.3"
      },
      "peerDependencies": {
        "react": "^19.1.0",
        "react-dom": "^19.1.0",
        "react-pdf": "^9.2.1"
      }
    },
    "node_modules/@babel/runtime": {
      "version": "7.27.1",
      "resolved": "https://registry.npmjs.org/@babel/runtime/-/runtime-7.27.1.tgz",
      "integrity": "sha512-1x3D2xEk2fRo3PAhwQwu5UubzgiVWSXTBfWpVd2Mx2AzRqJuDJCsgaDVZ7HB5iGzDW1Hl1sWN2mFyKjmR9uAog==",
      "dev": true,
      "engines": {
        "node": ">=6.9.0"
      }
    },
    "node_modules/@react-pdf/fns": {
      "version": "3.1.2",
      "resolved": "https://registry.npmjs.org/@react-pdf/fns/-/fns-3.1.2.tgz",
      "integrity": "sha512-qTKGUf0iAMGg2+OsUcp9ffKnKi41RukM/zYIWMDJ4hRVYSr89Q7e3wSDW/Koqx3ea3Uy/z3h2y3wPX6Bdfxk6g==",
      "dev": true
    },
    "node_modules/@react-pdf/font": {
      "version": "4.0.2",
      "resolved": "https://registry.npmjs.org/@react-pdf/font/-/font-4.0.2.tgz",
      "integrity": "sha512-/dAWu7Y2RD1RxarDZ9SkYPHgBYOhmcDnet4W/qN/m8k+A2Hr3ja54GymSR7GGxWBtxjKtNauVKrTa9LS1n8WUw==",
      "dev": true,
      "dependencies": {
        "@react-pdf/pdfkit": "^4.0.3",
        "@react-pdf/types": "^2.9.0",
        "fontkit": "^2.0.2",
        "is-url": "^1.2.4"
      }
    },
    "node_modules/@react-pdf/pdfkit": {
      "version": "4.0.3",
      "resolved": "https://registry.npmjs.org/@react-pdf/pdfkit/-/pdfkit-4.0.3.tgz",
      "integrity": "sha512-k+Lsuq8vTwWsCqTp+CCB4+2N+sOTFrzwGA7aw3H9ix/PDWR9QksbmNg0YkzGbLAPI6CeawmiLHcf4trZ5ecLPQ==",
      "dev": true,
      "dependencies": {
        "@babel/runtime": "^7.20.13",
        "@react-pdf/png-js": "^3.0.0",
        "browserify-zlib": "^0.2.0",
        "crypto-js": "^4.2.0",
        "fontkit": "^2.0.2",
        "jay-peg": "^1.1.1",
        "linebreak": "^1.1.0",
        "vite-compatible-readable-stream": "^3.6.1"
      }
    },
    "node_modules/@react-pdf/png-js": {
      "version": "3.0.0",
      "resolved": "https://registry.npmjs.org/@react-pdf/png-js/-/png-js-3.0.0.tgz",
      "integrity": "sha512-eSJnEItZ37WPt6Qv5pncQDxLJRK15eaRwPT+gZoujP548CodenOVp49GST8XJvKMFt9YqIBzGBV/j9AgrOQzVA==",
      "dev": true,
      "dependencies": {
        "browserify-zlib": "^0.2.0"
      }
    },
    "node_modules/@react-pdf/primitives": {
      "version": "4.1.1",
      "resolved": "https://registry.npmjs.org/@react-pdf/primitives/-/primitives-4.1.1.tgz",
      "integrity": "sha512-IuhxYls1luJb7NUWy6q5avb1XrNaVj9bTNI40U9qGRuS6n7Hje/8H8Qi99Z9UKFV74bBP3DOf3L1wV2qZVgVrQ==",
      "dev": true
    },
    "node_modules/@react-pdf/stylesheet": {
      "version": "6.1.0",
      "resolved": "https://registry.npmjs.org/@react-pdf/stylesheet/-/stylesheet-6.1.0.tgz",
      "integrity": "sha512-BGZ2sYNUp38VJUegjva/jsri3iiRGnVNjWI+G9dTwAvLNOmwFvSJzqaCsEnqQ/DW5mrTBk/577FhDY7pv6AidA==",
      "dev": true,
      "dependencies": {
        "@react-pdf/fns": "3.1.2",
        "@react-pdf/types": "^2.9.0",
        "color-string": "^1.9.1",
        "hsl-to-hex": "^1.0.0",
        "media-engine": "^1.0.3",
        "postcss-value-parser": "^4.1.0"
      }
    },
    "node_modules/@react-pdf/types": {
      "version": "2.9.0",
      "resolved": "https://registry.npmjs.org/@react-pdf/types/-/types-2.9.0.tgz",
      "integrity": "sha512-ckj80vZLlvl9oYrQ4tovEaqKWP3O06Eb1D48/jQWbdwz1Yh7Y9v1cEmwlP8ET+a1Whp8xfdM0xduMexkuPANCQ==",
      "dev": true,
      "dependencies": {
        "@react-pdf/font": "^4.0.2",
        "@react-pdf/primitives": "^4.1.1",
        "@react-pdf/stylesheet": "^6.1.0"
      }
    },
    "node_modules/@swc/helpers": {
      "version": "0.5.17",
      "resolved": "https://registry.npmjs.org/@swc/helpers/-/helpers-0.5.17.tgz",
      "integrity": "sha512-5IKx/Y13RsYd+sauPb2x+U/xZikHjolzfuDgTAl/Tdf3Q8rslRvC19NKDLgAJQ6wsqADk10ntlv08nPFw/gO/A==",
      "dev": true,
      "dependencies": {
        "tslib": "^2.8.0"
      }
    },
    "node_modules/@types/react": {
      "version": "19.1.4",
      "resolved": "https://registry.npmjs.org/@types/react/-/react-19.1.4.tgz",
      "integrity": "sha512-EB1yiiYdvySuIITtD5lhW4yPyJ31RkJkkDw794LaQYrxCSaQV/47y5o1FMC4zF9ZyjUjzJMZwbovEnT5yHTW6g==",
      "devOptional": true,
      "dependencies": {
        "csstype": "^3.0.2"
      }
    },
    "node_modules/@types/react-dom": {
      "version": "19.1.5",
      "resolved": "https://registry.npmjs.org/@types/react-dom/-/react-dom-19.1.5.tgz",
      "integrity": "sha512-CMCjrWucUBZvohgZxkjd6S9h0nZxXjzus6yDfUb+xLxYM7VvjKNH1tQrE9GWLql1XoOP4/Ds3bwFqShHUYraGg==",
      "dev": true,
      "peerDependencies": {
        "@types/react": "^19.0.0"
      }
    },
    "node_modules/@types/react-pdf": {
      "version": "7.0.0",
      "resolved": "https://registry.npmjs.org/@types/react-pdf/-/react-pdf-7.0.0.tgz",
      "integrity": "sha512-G0a+5UiKk3AvEauBP/Js7r9kGZNW3iBbS6kXkH0foGSaKWR6K3ElTe7Y4tlolc2VKbM9udmMxpkbxh/dtR2wXA==",
      "deprecated": "This is a stub types definition. react-pdf provides its own type definitions, so you do not need this installed.",
      "dev": true,
      "dependencies": {
        "react-pdf": "*"
      }
    },
    "node_modules/base64-js": {
      "version": "1.5.1",
      "resolved": "https://registry.npmjs.org/base64-js/-/base64-js-1.5.1.tgz",
      "integrity": "sha512-AKpaYlHn8t4SVbOHCy+b5+KKgvR4vrsD8vbvrbiQJps7fKDTkjkDry6ji0rUJjC0kzbNePLwzxq8iypo41qeWA==",
      "devOptional": true,
      "funding": [
        {
          "type": "github",
          "url": "https://github.com/sponsors/feross"
        },
        {
          "type": "patreon",
          "url": "https://www.patreon.com/feross"
        },
        {
          "type": "consulting",
          "url": "https://feross.org/support"
        }
      ]
    },
    "node_modules/bl": {
      "version": "4.1.0",
      "resolved": "https://registry.npmjs.org/bl/-/bl-4.1.0.tgz",
      "integrity": "sha512-1W07cM9gS6DcLperZfFSj+bWLtaPGSOHWhPiGzXmvVJbRLdG82sH/Kn8EtW1VqWVA54AKf2h5k5BbnIbwF3h6w==",
      "optional": true,
      "dependencies": {
        "buffer": "^5.5.0",
        "inherits": "^2.0.4",
        "readable-stream": "^3.4.0"
      }
    },
    "node_modules/brotli": {
      "version": "1.3.3",
      "resolved": "https://registry.npmjs.org/brotli/-/brotli-1.3.3.tgz",
      "integrity": "sha512-oTKjJdShmDuGW94SyyaoQvAjf30dZaHnjJ8uAF+u2/vGJkJbJPJAT1gDiOJP5v1Zb6f9KEyW/1HpuaWIXtGHPg==",
      "dev": true,
      "dependencies": {
        "base64-js": "^1.1.2"
      }
    },
    "node_modules/browserify-zlib": {
      "version": "0.2.0",
      "resolved": "https://registry.npmjs.org/browserify-zlib/-/browserify-zlib-0.2.0.tgz",
      "integrity": "sha512-Z942RysHXmJrhqk88FmKBVq/v5tqmSkDz7p54G/MGyjMnCFFnC79XWNbg+Vta8W6Wb2qtSZTSxIGkJrRpCFEiA==",
      "dev": true,
      "dependencies": {
        "pako": "~1.0.5"
      }
    },
    "node_modules/buffer": {
      "version": "5.7.1",
      "resolved": "https://registry.npmjs.org/buffer/-/buffer-5.7.1.tgz",
      "integrity": "sha512-EHcyIPBQ4BSGlvjB16k5KgAJ27CIsHY/2JBmCRReo48y9rQ3MaUzWX3KVlBa4U7MyX02HdVj0K7C3WaB3ju7FQ==",
      "funding": [
        {
          "type": "github",
          "url": "https://github.com/sponsors/feross"
        },
        {
          "type": "patreon",
          "url": "https://www.patreon.com/feross"
        },
        {
          "type": "consulting",
          "url": "https://feross.org/support"
        }
      ],
      "optional": true,
      "dependencies": {
        "base64-js": "^1.3.1",
        "ieee754": "^1.1.13"
      }
    },
    "node_modules/canvas": {
      "version": "3.1.0",
      "resolved": "https://registry.npmjs.org/canvas/-/canvas-3.1.0.tgz",
      "integrity": "sha512-tTj3CqqukVJ9NgSahykNwtGda7V33VLObwrHfzT0vqJXu7J4d4C/7kQQW3fOEGDfZZoILPut5H00gOjyttPGyg==",
      "hasInstallScript": true,
      "optional": true,
      "dependencies": {
        "node-addon-api": "^7.0.0",
        "prebuild-install": "^7.1.1"
      },
      "engines": {
        "node": "^18.12.0 || >= 20.9.0"
      }
    },
    "node_modules/chownr": {
      "version": "1.1.4",
      "resolved": "https://registry.npmjs.org/chownr/-/chownr-1.1.4.tgz",
      "integrity": "sha512-jJ0bqzaylmJtVnNgzTeSOs8DPavpbYgEr/b0YL8/2GO3xJEhInFmhKMUnEJQjZumK7KXGFhUy89PrsJWlakBVg==",
      "optional": true
    },
    "node_modules/clone": {
      "version": "2.1.2",
      "resolved": "https://registry.npmjs.org/clone/-/clone-2.1.2.tgz",
      "integrity": "sha512-3Pe/CF1Nn94hyhIYpjtiLhdCoEoz0DqQ+988E9gmeEdQZlojxnOb74wctFyuwWQHzqyf9X7C7MG8juUpqBJT8w==",
      "dev": true,
      "engines": {
        "node": ">=0.8"
      }
    },
    "node_modules/clsx": {
      "version": "2.1.1",
      "resolved": "https://registry.npmjs.org/clsx/-/clsx-2.1.1.tgz",
      "integrity": "sha512-eYm0QWBtUrBWZWG0d386OGAw16Z995PiOVo2B7bjWSbHedGl5e0ZWaq65kOGgUSNesEIDkB9ISbTg/JK9dhCZA==",
      "engines": {
        "node": ">=6"
      }
    },
    "node_modules/color-name": {
      "version": "1.1.4",
      "resolved": "https://registry.npmjs.org/color-name/-/color-name-1.1.4.tgz",
      "integrity": "sha512-dOy+3AuW3a2wNbZHIuMZpTcgjGuLU/uBL/ubcZF9OXbDo8ff4O8yVp5Bf0efS8uEoYo5q4Fx7dY9OgQGXgAsQA==",
      "dev": true
    },
    "node_modules/color-string": {
      "version": "1.9.1",
      "resolved": "https://registry.npmjs.org/color-string/-/color-string-1.9.1.tgz",
      "integrity": "sha512-shrVawQFojnZv6xM40anx4CkoDP+fZsw/ZerEMsW/pyzsRbElpsL/DBVW7q3ExxwusdNXI3lXpuhEZkzs8p5Eg==",
      "dev": true,
      "dependencies": {
        "color-name": "^1.0.0",
        "simple-swizzle": "^0.2.2"
      }
    },
    "node_modules/crypto-js": {
      "version": "4.2.0",
      "resolved": "https://registry.npmjs.org/crypto-js/-/crypto-js-4.2.0.tgz",
      "integrity": "sha512-KALDyEYgpY+Rlob/iriUtjV6d5Eq+Y191A5g4UqLAi8CyGP9N1+FdVbkc1SxKc2r4YAYqG8JzO2KGL+AizD70Q==",
      "dev": true
    },
    "node_modules/csstype": {
      "version": "3.1.3",
      "resolved": "https://registry.npmjs.org/csstype/-/csstype-3.1.3.tgz",
      "integrity": "sha512-M1uQkMl8rQK/szD0LNhtqxIPLpimGm8sOBwU7lLnCpSbTyY3yeU1Vc7l4KT5zT4s/yOxHH5O7tIuuLOCnLADRw==",
      "devOptional": true
    },
    "node_modules/decompress-response": {
      "version": "6.0.0",
      "resolved": "https://registry.npmjs.org/decompress-response/-/decompress-response-6.0.0.tgz",
      "integrity": "sha512-aW35yZM6Bb/4oJlZncMH2LCoZtJXTRxES17vE3hoRiowU2kWHaJKFkSBDnDR+cm9J+9QhXmREyIfv0pji9ejCQ==",
      "optional": true,
      "dependencies": {
        "mimic-response": "^3.1.0"
      },
      "engines": {
        "node": ">=10"
      },
      "funding": {
        "url": "https://github.com/sponsors/sindresorhus"
      }
    },
    "node_modules/deep-extend": {
      "version": "0.6.0",
      "resolved": "https://registry.npmjs.org/deep-extend/-/deep-extend-0.6.0.tgz",
      "integrity": "sha512-LOHxIOaPYdHlJRtCQfDIVZtfw/ufM8+rVj649RIHzcm/vGwQRXFt6OPqIFWsm2XEMrNIEtWR64sY1LEKD2vAOA==",
      "optional": true,
      "engines": {
        "node": ">=4.0.0"
      }
    },
    "node_modules/dequal": {
      "version": "2.0.3",
      "resolved": "https://registry.npmjs.org/dequal/-/dequal-2.0.3.tgz",
      "integrity": "sha512-0je+qPKHEMohvfRTCEo3CrPG6cAzAYgmzKyxRiYSSDkS6eGJdyVJm7WaYA5ECaAD9wLB2T4EEeymA5aFVcYXCA==",
      "engines": {
        "node": ">=6"
      }
    },
    "node_modules/detect-libc": {
      "version": "2.0.4",
      "resolved": "https://registry.npmjs.org/detect-libc/-/detect-libc-2.0.4.tgz",
      "integrity": "sha512-3UDv+G9CsCKO1WKMGw9fwq/SWJYbI0c5Y7LU1AXYoDdbhE2AHQ6N6Nb34sG8Fj7T5APy8qXDCKuuIHd1BR0tVA==",
      "optional": true,
      "engines": {
        "node": ">=8"
      }
    },
    "node_modules/dfa": {
      "version": "1.2.0",
      "resolved": "https://registry.npmjs.org/dfa/-/dfa-1.2.0.tgz",
      "integrity": "sha512-ED3jP8saaweFTjeGX8HQPjeC1YYyZs98jGNZx6IiBvxW7JG5v492kamAQB3m2wop07CvU/RQmzcKr6bgcC5D/Q==",
      "dev": true
    },
    "node_modules/end-of-stream": {
      "version": "1.4.4",
      "resolved": "https://registry.npmjs.org/end-of-stream/-/end-of-stream-1.4.4.tgz",
      "integrity": "sha512-+uw1inIHVPQoaVuHzRyXd21icM+cnt4CzD5rW+NC1wjOUSTOs+Te7FOv7AhN7vS9x/oIyhLP5PR1H+phQAHu5Q==",
      "optional": true,
      "dependencies": {
        "once": "^1.4.0"
      }
    },
    "node_modules/expand-template": {
      "version": "2.0.3",
      "resolved": "https://registry.npmjs.org/expand-template/-/expand-template-2.0.3.tgz",
      "integrity": "sha512-XYfuKMvj4O35f/pOXLObndIRvyQ+/+6AhODh+OKWj9S9498pHHn/IMszH+gt0fBCRWMNfk1ZSp5x3AifmnI2vg==",
      "optional": true,
      "engines": {
        "node": ">=6"
      }
    },
    "node_modules/fast-deep-equal": {
      "version": "3.1.3",
      "resolved": "https://registry.npmjs.org/fast-deep-equal/-/fast-deep-equal-3.1.3.tgz",
      "integrity": "sha512-f3qQ9oQy9j2AhBe/H9VC91wLmKBCCU/gDOnKNAYG5hswO7BLKj09Hc5HYNz9cGI++xlpDCIgDaitVs03ATR84Q==",
      "dev": true
    },
    "node_modules/fontkit": {
      "version": "2.0.4",
      "resolved": "https://registry.npmjs.org/fontkit/-/fontkit-2.0.4.tgz",
      "integrity": "sha512-syetQadaUEDNdxdugga9CpEYVaQIxOwk7GlwZWWZ19//qW4zE5bknOKeMBDYAASwnpaSHKJITRLMF9m1fp3s6g==",
      "dev": true,
      "dependencies": {
        "@swc/helpers": "^0.5.12",
        "brotli": "^1.3.2",
        "clone": "^2.1.2",
        "dfa": "^1.2.0",
        "fast-deep-equal": "^3.1.3",
        "restructure": "^3.0.0",
        "tiny-inflate": "^1.0.3",
        "unicode-properties": "^1.4.0",
        "unicode-trie": "^2.0.0"
      }
    },
    "node_modules/fs-constants": {
      "version": "1.0.0",
      "resolved": "https://registry.npmjs.org/fs-constants/-/fs-constants-1.0.0.tgz",
      "integrity": "sha512-y6OAwoSIf7FyjMIv94u+b5rdheZEjzR63GTyZJm5qh4Bi+2YgwLCcI/fPFZkL5PSixOt6ZNKm+w+Hfp/Bciwow==",
      "optional": true
    },
    "node_modules/github-from-package": {
      "version": "0.0.0",
      "resolved": "https://registry.npmjs.org/github-from-package/-/github-from-package-0.0.0.tgz",
      "integrity": "sha512-SyHy3T1v2NUXn29OsWdxmK6RwHD+vkj3v8en8AOBZ1wBQ/hCAQ5bAQTD02kW4W9tUp/3Qh6J8r9EvntiyCmOOw==",
      "optional": true
    },
    "node_modules/hsl-to-hex": {
      "version": "1.0.0",
      "resolved": "https://registry.npmjs.org/hsl-to-hex/-/hsl-to-hex-1.0.0.tgz",
      "integrity": "sha512-K6GVpucS5wFf44X0h2bLVRDsycgJmf9FF2elg+CrqD8GcFU8c6vYhgXn8NjUkFCwj+xDFb70qgLbTUm6sxwPmA==",
      "dev": true,
      "dependencies": {
        "hsl-to-rgb-for-reals": "^1.1.0"
      }
    },
    "node_modules/hsl-to-rgb-for-reals": {
      "version": "1.1.1",
      "resolved": "https://registry.npmjs.org/hsl-to-rgb-for-reals/-/hsl-to-rgb-for-reals-1.1.1.tgz",
      "integrity": "sha512-LgOWAkrN0rFaQpfdWBQlv/VhkOxb5AsBjk6NQVx4yEzWS923T07X0M1Y0VNko2H52HeSpZrZNNMJ0aFqsdVzQg==",
      "dev": true
    },
    "node_modules/ieee754": {
      "version": "1.2.1",
      "resolved": "https://registry.npmjs.org/ieee754/-/ieee754-1.2.1.tgz",
      "integrity": "sha512-dcyqhDvX1C46lXZcVqCpK+FtMRQVdIMN6/Df5js2zouUsqG7I6sFxitIC+7KYK29KdXOLHdu9zL4sFnoVQnqaA==",
      "funding": [
        {
          "type": "github",
          "url": "https://github.com/sponsors/feross"
        },
        {
          "type": "patreon",
          "url": "https://www.patreon.com/feross"
        },
        {
          "type": "consulting",
          "url": "https://feross.org/support"
        }
      ],
      "optional": true
    },
    "node_modules/inherits": {
      "version": "2.0.4",
      "resolved": "https://registry.npmjs.org/inherits/-/inherits-2.0.4.tgz",
      "integrity": "sha512-k/vGaX4/Yla3WzyMCvTQOXYeIHvqOKtnqBduzTHpzpQZzAskKMhZ2K+EnBiSM9zGSoIFeMpXKxa4dYeZIQqewQ==",
      "devOptional": true
    },
    "node_modules/ini": {
      "version": "1.3.8",
      "resolved": "https://registry.npmjs.org/ini/-/ini-1.3.8.tgz",
      "integrity": "sha512-JV/yugV2uzW5iMRSiZAyDtQd+nxtUnjeLt0acNdw98kKLrvuRVyB80tsREOE7yvGVgalhZ6RNXCmEHkUKBKxew==",
      "optional": true
    },
    "node_modules/is-arrayish": {
      "version": "0.3.2",
      "resolved": "https://registry.npmjs.org/is-arrayish/-/is-arrayish-0.3.2.tgz",
      "integrity": "sha512-eVRqCvVlZbuw3GrM63ovNSNAeA1K16kaR/LRY/92w0zxQ5/1YzwblUX652i4Xs9RwAGjW9d9y6X88t8OaAJfWQ==",
      "dev": true
    },
    "node_modules/is-url": {
      "version": "1.2.4",
      "resolved": "https://registry.npmjs.org/is-url/-/is-url-1.2.4.tgz",
      "integrity": "sha512-ITvGim8FhRiYe4IQ5uHSkj7pVaPDrCTkNd3yq3cV7iZAcJdHTUMPMEHcqSOy9xZ9qFenQCvi+2wjH9a1nXqHww==",
      "dev": true
    },
    "node_modules/jay-peg": {
      "version": "1.1.1",
      "resolved": "https://registry.npmjs.org/jay-peg/-/jay-peg-1.1.1.tgz",
      "integrity": "sha512-D62KEuBxz/ip2gQKOEhk/mx14o7eiFRaU+VNNSP4MOiIkwb/D6B3G1Mfas7C/Fit8EsSV2/IWjZElx/Gs6A4ww==",
      "dev": true,
      "dependencies": {
        "restructure": "^3.0.0"
      }
    },
    "node_modules/js-tokens": {
      "version": "4.0.0",
      "resolved": "https://registry.npmjs.org/js-tokens/-/js-tokens-4.0.0.tgz",
      "integrity": "sha512-RdJUflcE3cUzKiMqQgsCu06FPu9UdIJO0beYbPhHN4k6apgJtifcoCtT9bcxOpYBtpD2kCM6Sbzg4CausW/PKQ=="
    },
    "node_modules/linebreak": {
      "version": "1.1.0",
      "resolved": "https://registry.npmjs.org/linebreak/-/linebreak-1.1.0.tgz",
      "integrity": "sha512-MHp03UImeVhB7XZtjd0E4n6+3xr5Dq/9xI/5FptGk5FrbDR3zagPa2DS6U8ks/3HjbKWG9Q1M2ufOzxV2qLYSQ==",
      "dev": true,
      "dependencies": {
        "base64-js": "0.0.8",
        "unicode-trie": "^2.0.0"
      }
    },
    "node_modules/linebreak/node_modules/base64-js": {
      "version": "0.0.8",
      "resolved": "https://registry.npmjs.org/base64-js/-/base64-js-0.0.8.tgz",
      "integrity": "sha512-3XSA2cR/h/73EzlXXdU6YNycmYI7+kicTxks4eJg2g39biHR84slg2+des+p7iHYhbRg/udIS4TD53WabcOUkw==",
      "dev": true,
      "engines": {
        "node": ">= 0.4"
      }
    },
    "node_modules/loose-envify": {
      "version": "1.4.0",
      "resolved": "https://registry.npmjs.org/loose-envify/-/loose-envify-1.4.0.tgz",
      "integrity": "sha512-lyuxPGr/Wfhrlem2CL/UcnUc1zcqKAImBDzukY7Y5F/yQiNdko6+fRLevlw1HgMySw7f611UIY408EtxRSoK3Q==",
      "dependencies": {
        "js-tokens": "^3.0.0 || ^4.0.0"
      },
      "bin": {
        "loose-envify": "cli.js"
      }
    },
    "node_modules/make-cancellable-promise": {
      "version": "1.3.2",
      "resolved": "https://registry.npmjs.org/make-cancellable-promise/-/make-cancellable-promise-1.3.2.tgz",
      "integrity": "sha512-GCXh3bq/WuMbS+Ky4JBPW1hYTOU+znU+Q5m9Pu+pI8EoUqIHk9+tviOKC6/qhHh8C4/As3tzJ69IF32kdz85ww==",
      "funding": {
        "url": "https://github.com/wojtekmaj/make-cancellable-promise?sponsor=1"
      }
    },
    "node_modules/make-event-props": {
      "version": "1.6.2",
      "resolved": "https://registry.npmjs.org/make-event-props/-/make-event-props-1.6.2.tgz",
      "integrity": "sha512-iDwf7mA03WPiR8QxvcVHmVWEPfMY1RZXerDVNCRYW7dUr2ppH3J58Rwb39/WG39yTZdRSxr3x+2v22tvI0VEvA==",
      "funding": {
        "url": "https://github.com/wojtekmaj/make-event-props?sponsor=1"
      }
    },
    "node_modules/media-engine": {
      "version": "1.0.3",
      "resolved": "https://registry.npmjs.org/media-engine/-/media-engine-1.0.3.tgz",
      "integrity": "sha512-aa5tG6sDoK+k70B9iEX1NeyfT8ObCKhNDs6lJVpwF6r8vhUfuKMslIcirq6HIUYuuUYLefcEQOn9bSBOvawtwg==",
      "dev": true
    },
    "node_modules/merge-refs": {
      "version": "1.3.0",
      "resolved": "https://registry.npmjs.org/merge-refs/-/merge-refs-1.3.0.tgz",
      "integrity": "sha512-nqXPXbso+1dcKDpPCXvwZyJILz+vSLqGGOnDrYHQYE+B8n9JTCekVLC65AfCpR4ggVyA/45Y0iR9LDyS2iI+zA==",
      "funding": {
        "url": "https://github.com/wojtekmaj/merge-refs?sponsor=1"
      },
      "peerDependencies": {
        "@types/react": "^16.8.0 || ^17.0.0 || ^18.0.0 || ^19.0.0"
      },
      "peerDependenciesMeta": {
        "@types/react": {
          "optional": true
        }
      }
    },
    "node_modules/mimic-response": {
      "version": "3.1.0",
      "resolved": "https://registry.npmjs.org/mimic-response/-/mimic-response-3.1.0.tgz",
      "integrity": "sha512-z0yWI+4FDrrweS8Zmt4Ej5HdJmky15+L2e6Wgn3+iK5fWzb6T3fhNFq2+MeTRb064c6Wr4N/wv0DzQTjNzHNGQ==",
      "optional": true,
      "engines": {
        "node": ">=10"
      },
      "funding": {
        "url": "https://github.com/sponsors/sindresorhus"
      }
    },
    "node_modules/minimist": {
      "version": "1.2.8",
      "resolved": "https://registry.npmjs.org/minimist/-/minimist-1.2.8.tgz",
      "integrity": "sha512-2yyAR8qBkN3YuheJanUpWC5U3bb5osDywNB8RzDVlDwDHbocAJveqqj1u8+SVD7jkWT4yvsHCpWqqWqAxb0zCA==",
      "optional": true,
      "funding": {
        "url": "https://github.com/sponsors/ljharb"
      }
    },
    "node_modules/mkdirp-classic": {
      "version": "0.5.3",
      "resolved": "https://registry.npmjs.org/mkdirp-classic/-/mkdirp-classic-0.5.3.tgz",
      "integrity": "sha512-gKLcREMhtuZRwRAfqP3RFW+TK4JqApVBtOIftVgjuABpAtpxhPGaDcfvbhNvD0B8iD1oUr/txX35NjcaY6Ns/A==",
      "optional": true
    },
    "node_modules/napi-build-utils": {
      "version": "2.0.0",
      "resolved": "https://registry.npmjs.org/napi-build-utils/-/napi-build-utils-2.0.0.tgz",
      "integrity": "sha512-GEbrYkbfF7MoNaoh2iGG84Mnf/WZfB0GdGEsM8wz7Expx/LlWf5U8t9nvJKXSp3qr5IsEbK04cBGhol/KwOsWA==",
      "optional": true
    },
    "node_modules/node-abi": {
      "version": "3.75.0",
      "resolved": "https://registry.npmjs.org/node-abi/-/node-abi-3.75.0.tgz",
      "integrity": "sha512-OhYaY5sDsIka7H7AtijtI9jwGYLyl29eQn/W623DiN/MIv5sUqc4g7BIDThX+gb7di9f6xK02nkp8sdfFWZLTg==",
      "optional": true,
      "dependencies": {
        "semver": "^7.3.5"
      },
      "engines": {
        "node": ">=10"
      }
    },
    "node_modules/node-addon-api": {
      "version": "7.1.1",
      "resolved": "https://registry.npmjs.org/node-addon-api/-/node-addon-api-7.1.1.tgz",
      "integrity": "sha512-5m3bsyrjFWE1xf7nz7YXdN4udnVtXK6/Yfgn5qnahL6bCkf2yKt4k3nuTKAtT4r3IG8JNR2ncsIMdZuAzJjHQQ==",
      "optional": true
    },
    "node_modules/once": {
      "version": "1.4.0",
      "resolved": "https://registry.npmjs.org/once/-/once-1.4.0.tgz",
      "integrity": "sha512-lNaJgI+2Q5URQBkccEKHTQOPaXdUxnZZElQTZY0MFUAuaEqe1E+Nyvgdz/aIyNi6Z9MzO5dv1H8n58/GELp3+w==",
      "optional": true,
      "dependencies": {
        "wrappy": "1"
      }
    },
    "node_modules/pako": {
      "version": "1.0.11",
      "resolved": "https://registry.npmjs.org/pako/-/pako-1.0.11.tgz",
      "integrity": "sha512-4hLB8Py4zZce5s4yd9XzopqwVv/yGNhV1Bl8NTmCq1763HeK2+EwVTv+leGeL13Dnh2wfbqowVPXCIO0z4taYw==",
      "dev": true
    },
    "node_modules/path2d": {
      "version": "0.2.2",
      "resolved": "https://registry.npmjs.org/path2d/-/path2d-0.2.2.tgz",
      "integrity": "sha512-+vnG6S4dYcYxZd+CZxzXCNKdELYZSKfohrk98yajCo1PtRoDgCTrrwOvK1GT0UoAdVszagDVllQc0U1vaX4NUQ==",
      "optional": true,
      "engines": {
        "node": ">=6"
      }
    },
    "node_modules/pdfjs-dist": {
      "version": "4.8.69",
      "resolved": "https://registry.npmjs.org/pdfjs-dist/-/pdfjs-dist-4.8.69.tgz",
      "integrity": "sha512-IHZsA4T7YElCKNNXtiLgqScw4zPd3pG9do8UrznC757gMd7UPeHSL2qwNNMJo4r79fl8oj1Xx+1nh2YkzdMpLQ==",
      "engines": {
        "node": ">=18"
      },
      "optionalDependencies": {
        "canvas": "^3.0.0-rc2",
        "path2d": "^0.2.1"
      }
    },
    "node_modules/postcss-value-parser": {
      "version": "4.2.0",
      "resolved": "https://registry.npmjs.org/postcss-value-parser/-/postcss-value-parser-4.2.0.tgz",
      "integrity": "sha512-1NNCs6uurfkVbeXG4S8JFT9t19m45ICnif8zWLd5oPSZ50QnwMfK+H3jv408d4jw/7Bttv5axS5IiHoLaVNHeQ==",
      "dev": true
    },
    "node_modules/prebuild-install": {
      "version": "7.1.3",
      "resolved": "https://registry.npmjs.org/prebuild-install/-/prebuild-install-7.1.3.tgz",
      "integrity": "sha512-8Mf2cbV7x1cXPUILADGI3wuhfqWvtiLA1iclTDbFRZkgRQS0NqsPZphna9V+HyTEadheuPmjaJMsbzKQFOzLug==",
      "optional": true,
      "dependencies": {
        "detect-libc": "^2.0.0",
        "expand-template": "^2.0.3",
        "github-from-package": "0.0.0",
        "minimist": "^1.2.3",
        "mkdirp-classic": "^0.5.3",
        "napi-build-utils": "^2.0.0",
        "node-abi": "^3.3.0",
        "pump": "^3.0.0",
        "rc": "^1.2.7",
        "simple-get": "^4.0.0",
        "tar-fs": "^2.0.0",
        "tunnel-agent": "^0.6.0"
      },
      "bin": {
        "prebuild-install": "bin.js"
      },
      "engines": {
        "node": ">=10"
      }
    },
    "node_modules/pump": {
      "version": "3.0.2",
      "resolved": "https://registry.npmjs.org/pump/-/pump-3.0.2.tgz",
      "integrity": "sha512-tUPXtzlGM8FE3P0ZL6DVs/3P58k9nk8/jZeQCurTJylQA8qFYzHFfhBJkuqyE0FifOsQ0uKWekiZ5g8wtr28cw==",
      "optional": true,
      "dependencies": {
        "end-of-stream": "^1.1.0",
        "once": "^1.3.1"
      }
    },
    "node_modules/rc": {
      "version": "1.2.8",
      "resolved": "https://registry.npmjs.org/rc/-/rc-1.2.8.tgz",
      "integrity": "sha512-y3bGgqKj3QBdxLbLkomlohkvsA8gdAiUQlSBJnBhfn+BPxg4bc62d8TcBW15wavDfgexCgccckhcZvywyQYPOw==",
      "optional": true,
      "dependencies": {
        "deep-extend": "^0.6.0",
        "ini": "~1.3.0",
        "minimist": "^1.2.0",
        "strip-json-comments": "~2.0.1"
      },
      "bin": {
        "rc": "cli.js"
      }
    },
    "node_modules/react": {
      "version": "19.1.0",
      "resolved": "https://registry.npmjs.org/react/-/react-19.1.0.tgz",
      "integrity": "sha512-FS+XFBNvn3GTAWq26joslQgWNoFu08F4kl0J4CgdNKADkdSGXQyTCnKteIAJy96Br6YbpEU1LSzV5dYtjMkMDg==",
      "peer": true,
      "engines": {
        "node": ">=0.10.0"
      }
    },
    "node_modules/react-dom": {
      "version": "19.1.0",
      "resolved": "https://registry.npmjs.org/react-dom/-/react-dom-19.1.0.tgz",
      "integrity": "sha512-Xs1hdnE+DyKgeHJeJznQmYMIBG3TKIHJJT95Q58nHLSrElKlGQqDTR2HQ9fx5CN/Gk6Vh/kupBTDLU11/nDk/g==",
      "peer": true,
      "dependencies": {
        "scheduler": "^0.26.0"
      },
      "peerDependencies": {
        "react": "^19.1.0"
      }
    },
    "node_modules/react-pdf": {
      "version": "9.2.1",
      "resolved": "https://registry.npmjs.org/react-pdf/-/react-pdf-9.2.1.tgz",
      "integrity": "sha512-AJt0lAIkItWEZRA5d/mO+Om4nPCuTiQ0saA+qItO967DTjmGjnhmF+Bi2tL286mOTfBlF5CyLzJ35KTMaDoH+A==",
      "dependencies": {
        "clsx": "^2.0.0",
        "dequal": "^2.0.3",
        "make-cancellable-promise": "^1.3.1",
        "make-event-props": "^1.6.0",
        "merge-refs": "^1.3.0",
        "pdfjs-dist": "4.8.69",
        "tiny-invariant": "^1.0.0",
        "warning": "^4.0.0"
      },
      "funding": {
        "url": "https://github.com/wojtekmaj/react-pdf?sponsor=1"
      },
      "peerDependencies": {
        "@types/react": "^16.8.0 || ^17.0.0 || ^18.0.0 || ^19.0.0",
        "react": "^16.8.0 || ^17.0.0 || ^18.0.0 || ^19.0.0",
        "react-dom": "^16.8.0 || ^17.0.0 || ^18.0.0 || ^19.0.0"
      },
      "peerDependenciesMeta": {
        "@types/react": {
          "optional": true
        }
      }
    },
    "node_modules/readable-stream": {
      "version": "3.6.2",
      "resolved": "https://registry.npmjs.org/readable-stream/-/readable-stream-3.6.2.tgz",
      "integrity": "sha512-9u/sniCrY3D5WdsERHzHE4G2YCXqoG5FTHUiCC4SIbr6XcLZBY05ya9EKjYek9O5xOAwjGq+1JdGBAS7Q9ScoA==",
      "optional": true,
      "dependencies": {
        "inherits": "^2.0.3",
        "string_decoder": "^1.1.1",
        "util-deprecate": "^1.0.1"
      },
      "engines": {
        "node": ">= 6"
      }
    },
    "node_modules/restructure": {
      "version": "3.0.2",
      "resolved": "https://registry.npmjs.org/restructure/-/restructure-3.0.2.tgz",
      "integrity": "sha512-gSfoiOEA0VPE6Tukkrr7I0RBdE0s7H1eFCDBk05l1KIQT1UIKNc5JZy6jdyW6eYH3aR3g5b3PuL77rq0hvwtAw==",
      "dev": true
    },
    "node_modules/safe-buffer": {
      "version": "5.2.1",
      "resolved": "https://registry.npmjs.org/safe-buffer/-/safe-buffer-5.2.1.tgz",
      "integrity": "sha512-rp3So07KcdmmKbGvgaNxQSJr7bGVSVk5S9Eq1F+ppbRo70+YeaDxkw5Dd8NPN+GD6bjnYm2VuPuCXmpuYvmCXQ==",
      "devOptional": true,
      "funding": [
        {
          "type": "github",
          "url": "https://github.com/sponsors/feross"
        },
        {
          "type": "patreon",
          "url": "https://www.patreon.com/feross"
        },
        {
          "type": "consulting",
          "url": "https://feross.org/support"
        }
      ]
    },
    "node_modules/scheduler": {
      "version": "0.26.0",
      "resolved": "https://registry.npmjs.org/scheduler/-/scheduler-0.26.0.tgz",
      "integrity": "sha512-NlHwttCI/l5gCPR3D1nNXtWABUmBwvZpEQiD4IXSbIDq8BzLIK/7Ir5gTFSGZDUu37K5cMNp0hFtzO38sC7gWA==",
      "peer": true
    },
    "node_modules/semver": {
      "version": "7.7.2",
      "resolved": "https://registry.npmjs.org/semver/-/semver-7.7.2.tgz",
      "integrity": "sha512-RF0Fw+rO5AMf9MAyaRXI4AV0Ulj5lMHqVxxdSgiVbixSCXoEmmX/jk0CuJw4+3SqroYO9VoUh+HcuJivvtJemA==",
      "optional": true,
      "bin": {
        "semver": "bin/semver.js"
      },
      "engines": {
        "node": ">=10"
      }
    },
    "node_modules/simple-concat": {
      "version": "1.0.1",
      "resolved": "https://registry.npmjs.org/simple-concat/-/simple-concat-1.0.1.tgz",
      "integrity": "sha512-cSFtAPtRhljv69IK0hTVZQ+OfE9nePi/rtJmw5UjHeVyVroEqJXP1sFztKUy1qU+xvz3u/sfYJLa947b7nAN2Q==",
      "funding": [
        {
          "type": "github",
          "url": "https://github.com/sponsors/feross"
        },
        {
          "type": "patreon",
          "url": "https://www.patreon.com/feross"
        },
        {
          "type": "consulting",
          "url": "https://feross.org/support"
        }
      ],
      "optional": true
    },
    "node_modules/simple-get": {
      "version": "4.0.1",
      "resolved": "https://registry.npmjs.org/simple-get/-/simple-get-4.0.1.tgz",
      "integrity": "sha512-brv7p5WgH0jmQJr1ZDDfKDOSeWWg+OVypG99A/5vYGPqJ6pxiaHLy8nxtFjBA7oMa01ebA9gfh1uMCFqOuXxvA==",
      "funding": [
        {
          "type": "github",
          "url": "https://github.com/sponsors/feross"
        },
        {
          "type": "patreon",
          "url": "https://www.patreon.com/feross"
        },
        {
          "type": "consulting",
          "url": "https://feross.org/support"
        }
      ],
      "optional": true,
      "dependencies": {
        "decompress-response": "^6.0.0",
        "once": "^1.3.1",
        "simple-concat": "^1.0.0"
      }
    },
    "node_modules/simple-swizzle": {
      "version": "0.2.2",
      "resolved": "https://registry.npmjs.org/simple-swizzle/-/simple-swizzle-0.2.2.tgz",
      "integrity": "sha512-JA//kQgZtbuY83m+xT+tXJkmJncGMTFT+C+g2h2R9uxkYIrE2yy9sgmcLhCnw57/WSD+Eh3J97FPEDFnbXnDUg==",
      "dev": true,
      "dependencies": {
        "is-arrayish": "^0.3.1"
      }
    },
    "node_modules/string_decoder": {
      "version": "1.3.0",
      "resolved": "https://registry.npmjs.org/string_decoder/-/string_decoder-1.3.0.tgz",
      "integrity": "sha512-hkRX8U1WjJFd8LsDJ2yQ/wWWxaopEsABU1XfkM8A+j0+85JAGppt16cr1Whg6KIbb4okU6Mql6BOj+uup/wKeA==",
      "devOptional": true,
      "dependencies": {
        "safe-buffer": "~5.2.0"
      }
    },
    "node_modules/strip-json-comments": {
      "version": "2.0.1",
      "resolved": "https://registry.npmjs.org/strip-json-comments/-/strip-json-comments-2.0.1.tgz",
      "integrity": "sha512-4gB8na07fecVVkOI6Rs4e7T6NOTki5EmL7TUduTs6bu3EdnSycntVJ4re8kgZA+wx9IueI2Y11bfbgwtzuE0KQ==",
      "optional": true,
      "engines": {
        "node": ">=0.10.0"
      }
    },
    "node_modules/tar-fs": {
      "version": "2.1.2",
      "resolved": "https://registry.npmjs.org/tar-fs/-/tar-fs-2.1.2.tgz",
      "integrity": "sha512-EsaAXwxmx8UB7FRKqeozqEPop69DXcmYwTQwXvyAPF352HJsPdkVhvTaDPYqfNgruveJIJy3TA2l+2zj8LJIJA==",
      "optional": true,
      "dependencies": {
        "chownr": "^1.1.1",
        "mkdirp-classic": "^0.5.2",
        "pump": "^3.0.0",
        "tar-stream": "^2.1.4"
      }
    },
    "node_modules/tar-stream": {
      "version": "2.2.0",
      "resolved": "https://registry.npmjs.org/tar-stream/-/tar-stream-2.2.0.tgz",
      "integrity": "sha512-ujeqbceABgwMZxEJnk2HDY2DlnUZ+9oEcb1KzTVfYHio0UE6dG71n60d8D2I4qNvleWrrXpmjpt7vZeF1LnMZQ==",
      "optional": true,
      "dependencies": {
        "bl": "^4.0.3",
        "end-of-stream": "^1.4.1",
        "fs-constants": "^1.0.0",
        "inherits": "^2.0.3",
        "readable-stream": "^3.1.1"
      },
      "engines": {
        "node": ">=6"
      }
    },
    "node_modules/tiny-inflate": {
      "version": "1.0.3",
      "resolved": "https://registry.npmjs.org/tiny-inflate/-/tiny-inflate-1.0.3.tgz",
      "integrity": "sha512-pkY1fj1cKHb2seWDy0B16HeWyczlJA9/WW3u3c4z/NiWDsO3DOU5D7nhTLE9CF0yXv/QZFY7sEJmj24dK+Rrqw==",
      "dev": true
    },
    "node_modules/tiny-invariant": {
      "version": "1.3.3",
      "resolved": "https://registry.npmjs.org/tiny-invariant/-/tiny-invariant-1.3.3.tgz",
      "integrity": "sha512-+FbBPE1o9QAYvviau/qC5SE3caw21q3xkvWKBtja5vgqOWIHHJ3ioaq1VPfn/Szqctz2bU/oYeKd9/z5BL+PVg=="
    },
    "node_modules/tslib": {
      "version": "2.8.1",
      "resolved": "https://registry.npmjs.org/tslib/-/tslib-2.8.1.tgz",
      "integrity": "sha512-oJFu94HQb+KVduSUQL7wnpmqnfmLsOA/nAh6b6EH0wCEoK0/mPeXU6c3wKDV83MkOuHPRHtSXKKU99IBazS/2w==",
      "dev": true
    },
    "node_modules/tunnel-agent": {
      "version": "0.6.0",
      "resolved": "https://registry.npmjs.org/tunnel-agent/-/tunnel-agent-0.6.0.tgz",
      "integrity": "sha512-McnNiV1l8RYeY8tBgEpuodCC1mLUdbSN+CYBL7kJsJNInOP8UjDDEwdk6Mw60vdLLrr5NHKZhMAOSrR2NZuQ+w==",
      "optional": true,
      "dependencies": {
        "safe-buffer": "^5.0.1"
      },
      "engines": {
        "node": "*"
      }
    },
    "node_modules/typescript": {
      "version": "5.8.3",
      "resolved": "https://registry.npmjs.org/typescript/-/typescript-5.8.3.tgz",
      "integrity": "sha512-p1diW6TqL9L07nNxvRMM7hMMw4c5XOo/1ibL4aAIGmSAt9slTE1Xgw5KWuof2uTOvCg9BY7ZRi+GaF+7sfgPeQ==",
      "dev": true,
      "bin": {
        "tsc": "bin/tsc",
        "tsserver": "bin/tsserver"
      },
      "engines": {
        "node": ">=14.17"
      }
    },
    "node_modules/unicode-properties": {
      "version": "1.4.1",
      "resolved": "https://registry.npmjs.org/unicode-properties/-/unicode-properties-1.4.1.tgz",
      "integrity": "sha512-CLjCCLQ6UuMxWnbIylkisbRj31qxHPAurvena/0iwSVbQ2G1VY5/HjV0IRabOEbDHlzZlRdCrD4NhB0JtU40Pg==",
      "dev": true,
      "dependencies": {
        "base64-js": "^1.3.0",
        "unicode-trie": "^2.0.0"
      }
    },
    "node_modules/unicode-trie": {
      "version": "2.0.0",
      "resolved": "https://registry.npmjs.org/unicode-trie/-/unicode-trie-2.0.0.tgz",
      "integrity": "sha512-x7bc76x0bm4prf1VLg79uhAzKw8DVboClSN5VxJuQ+LKDOVEW9CdH+VY7SP+vX7xCYQqzzgQpFqz15zeLvAtZQ==",
      "dev": true,
      "dependencies": {
        "pako": "^0.2.5",
        "tiny-inflate": "^1.0.0"
      }
    },
    "node_modules/unicode-trie/node_modules/pako": {
      "version": "0.2.9",
      "resolved": "https://registry.npmjs.org/pako/-/pako-0.2.9.tgz",
      "integrity": "sha512-NUcwaKxUxWrZLpDG+z/xZaCgQITkA/Dv4V/T6bw7VON6l1Xz/VnrBqrYjZQ12TamKHzITTfOEIYUj48y2KXImA==",
      "dev": true
    },
    "node_modules/util-deprecate": {
      "version": "1.0.2",
      "resolved": "https://registry.npmjs.org/util-deprecate/-/util-deprecate-1.0.2.tgz",
      "integrity": "sha512-EPD5q1uXyFxJpCrLnCc1nHnq3gOa6DZBocAIiI2TaSCA7VCJ1UJDMagCzIkXNsUYfD1daK//LTEQ8xiIbrHtcw==",
      "devOptional": true
    },
    "node_modules/vite-compatible-readable-stream": {
      "version": "3.6.1",
      "resolved": "https://registry.npmjs.org/vite-compatible-readable-stream/-/vite-compatible-readable-stream-3.6.1.tgz",
      "integrity": "sha512-t20zYkrSf868+j/p31cRIGN28Phrjm3nRSLR2fyc2tiWi4cZGVdv68yNlwnIINTkMTmPoMiSlc0OadaO7DXZaQ==",
      "dev": true,
      "dependencies": {
        "inherits": "^2.0.3",
        "string_decoder": "^1.1.1",
        "util-deprecate": "^1.0.1"
      },
      "engines": {
        "node": ">= 6"
      }
    },
    "node_modules/warning": {
      "version": "4.0.3",
      "resolved": "https://registry.npmjs.org/warning/-/warning-4.0.3.tgz",
      "integrity": "sha512-rpJyN222KWIvHJ/F53XSZv0Zl/accqHR8et1kpaMTD/fLCRxtV8iX8czMzY7sVZupTI3zcUTg8eycS2kNF9l6w==",
      "dependencies": {
        "loose-envify": "^1.0.0"
      }
    },
    "node_modules/wrappy": {
      "version": "1.0.2",
      "resolved": "https://registry.npmjs.org/wrappy/-/wrappy-1.0.2.tgz",
      "integrity": "sha512-l4Sp/DRseor9wL6EvV2+TuQn63dMkPjZ/sp9XkghTEbV9KlPS1xUsZ3u7/IQO4wxtcFB4bgpQPRcR3QCvezPcQ==",
      "optional": true
    }
  }
}
